Microsoft Visual Studio Solution File, Format Version 12.00
# Visual Studio Version 17
VisualStudioVersion = 17.5.2.0
MinimumVisualStudioVersion = 10.0.40219.1
Project("{FAE04EC0-301F-11D3-BF4B-00C04F79EFBC}") = "LiteAPI", "LiteAPI\LiteAPI.csproj", "{7DD21241-5955-741D-BCFA-25A9F3EE2330}"
EndProject
Project("{FAE04EC0-301F-11D3-BF4B-00C04F79EFBC}") = "TesLitetAPI", "TesLitetAPI\TesLitetAPI.csproj", "{C971EA46-E32C-4FDD-A859-28EFA8963177}"
EndProject
Global
	GlobalSection(SolutionConfigurationPlatforms) = preSolution
		Debug|Any CPU = Debug|Any CPU
		Release|Any CPU = Release|Any CPU
	EndGlobalSection
	GlobalSection(ProjectConfigurationPlatforms) = postSolution
		{7DD21241-5955-741D-BCFA-25A9F3EE2330}.Debug|Any CPU.ActiveCfg = Debug|Any CPU
		{7DD21241-5955-741D-BCFA-25A9F3EE2330}.Debug|Any CPU.Build.0 = Debug|Any CPU
		{7DD21241-5955-741D-BCFA-25A9F3EE2330}.Release|Any CPU.ActiveCfg = Release|Any CPU
		{7DD21241-5955-741D-BCFA-25A9F3EE2330}.Release|Any CPU.Build.0 = Release|Any CPU
		{C971EA46-E32C-4FDD-A859-28EFA8963177}.Debug|Any CPU.ActiveCfg = Debug|Any CPU
		{C971EA46-E32C-4FDD-A859-28EFA8963177}.Debug|Any CPU.Build.0 = Debug|Any CPU
		{C971EA46-E32C-4FDD-A859-28EFA8963177}.Release|Any CPU.ActiveCfg = Release|Any CPU
		{C971EA46-E32C-4FDD-A859-28EFA8963177}.Release|Any CPU.Build.0 = Release|Any CPU
	EndGlobalSection
	GlobalSection(SolutionProperties) = preSolution
		HideSolutionNode = FALSE
	EndGlobalSection
	GlobalSection(ExtensibilityGlobals) = postSolution
		SolutionGuid = {C4324055-5DC2-4B8E-AEEB-19DC4EEA221A}
	EndGlobalSection
EndGlobal
